Microsoft Visual Studio Solution File, Format Version 11.00
# Visual Studio 2008

Project("{7180EC55-F336-460A-F39C-D8EE44B04880}") = "fitnessbird", "Assembly-CSharp.csproj", "{5493E471-715A-9004-32FC-F4A8F379ABA8}"
EndProject
Project("{7180EC55-F336-460A-F39C-D8EE44B04880}") = "fitnessbird", "Assembly-CSharp-Editor.csproj", "{41DAC7DA-6F4D-44F3-8534-2D541B06B5B9}"
EndProject
Global
	GlobalSection(SolutionConfigurationPlatforms) = preSolution
		Debug|Any CPU = Debug|Any CPU
		Release|Any CPU = Release|Any CPU
	EndGlobalSection
	GlobalSection(ProjectConfigurationPlatforms) = postSolution
		{5493E471-715A-9004-32FC-F4A8F379ABA8}.Debug|Any CPU.ActiveCfg = Debug|Any CPU
		{5493E471-715A-9004-32FC-F4A8F379ABA8}.Debug|Any CPU.Build.0 = Debug|Any CPU
		{5493E471-715A-9004-32FC-F4A8F379ABA8}.Release|Any CPU.ActiveCfg = Release|Any CPU
		{5493E471-715A-9004-32FC-F4A8F379ABA8}.Release|Any CPU.Build.0 = Release|Any CPU
		{41DAC7DA-6F4D-44F3-8534-2D541B06B5B9}.Debug|Any CPU.ActiveCfg = Debug|Any CPU
		{41DAC7DA-6F4D-44F3-8534-2D541B06B5B9}.Debug|Any CPU.Build.0 = Debug|Any CPU
		{41DAC7DA-6F4D-44F3-8534-2D541B06B5B9}.Release|Any CPU.ActiveCfg = Release|Any CPU
		{41DAC7DA-6F4D-44F3-8534-2D541B06B5B9}.Release|Any CPU.Build.0 = Release|Any CPU
	EndGlobalSection
	GlobalSection(SolutionProperties) = preSolution
		HideSolutionNode = FALSE
	EndGlobalSection
																																			GlobalSection(MonoDevelopProperties) = preSolution
		StartupItem = Assembly-CSharp.csproj
		Policies = $0
		$0.TextStylePolicy = $1
		$1.inheritsSet = null
		$1.scope = text/x-csharp
		$0.CSharpFormattingPolicy = $2
		$2.inheritsSet = Mono
		$2.inheritsScope = text/x-csharp
		$2.scope = text/x-csharp
		$0.TextStylePolicy = $3
		$3.FileWidth = 120
		$3.TabWidth = 4
		$3.EolMarker = Unix
		$3.inheritsSet = Mono
		$3.inheritsScope = text/plain
		$3.scope = text/plain
	EndGlobalSection

EndGlobal
